
Microsoft Visual Studio Solution File, Format Version 12.00
# Visual Studio Version 16
VisualStudioVersion = 16.0.30611.23
MinimumVisualStudioVersion = 10.0.40219.1
Project("{FAE04EC0-301F-11D3-BF4B-00C04F79EFBC}") = "REST-API", "REST-API.csproj", "{CA56AFFB-5ABD-4B24-85C9-48417F7DD4FC}"
EndProject
Global
	GlobalSection(SolutionConfigurationPlatforms) = preSolution
		Debug|Any CPU = Debug|Any CPU
		Release|Any CPU = Release|Any CPU
	EndGlobalSection
	GlobalSection(ProjectConfigurationPlatforms) = postSolution
		{CA56AFFB-5ABD-4B24-85C9-48417F7DD4FC}.Debug|Any CPU.ActiveCfg = Debug|Any CPU
		{CA56AFFB-5ABD-4B24-85C9-48417F7DD4FC}.Debug|Any CPU.Build.0 = Debug|Any CPU
		{CA56AFFB-5ABD-4B24-85C9-48417F7DD4FC}.Release|Any CPU.ActiveCfg = Release|Any CPU
		{CA56AFFB-5ABD-4B24-85C9-48417F7DD4FC}.Release|Any CPU.Build.0 = Release|Any CPU
	EndGlobalSection
	GlobalSection(SolutionProperties) = preSolution
		HideSolutionNode = FALSE
	EndGlobalSection
	GlobalSection(ExtensibilityGlobals) = postSolution
		SolutionGuid = {D122D0E1-AEA5-424B-8C0D-455935ECDD60}
	EndGlobalSection
EndGlobal
